
Microsoft Visual Studio Solution File, Format Version 12.00
# Visual Studio 2012
Project("{FAE04EC0-301F-11D3-BF4B-00C04F79EFBC}") = "MvcTest", "MvcTest\MvcTest.csproj", "{C75D6DDC-635B-4D15-B8C6-849FF472AAB4}"
EndProject
Project("{FAE04EC0-301F-11D3-BF4B-00C04F79EFBC}") = "MvcTest.Tests", "MvcTest.Tests\MvcTest.Tests.csproj", "{4DE3591F-0258-49B9-962D-135D0E7BA1C2}"
EndProject
Global
	GlobalSection(SolutionConfigurationPlatforms) = preSolution
		Debug|Any CPU = Debug|Any CPU
		Release|Any CPU = Release|Any CPU
	EndGlobalSection
	GlobalSection(ProjectConfigurationPlatforms) = postSolution
		{C75D6DDC-635B-4D15-B8C6-849FF472AAB4}.Debug|Any CPU.ActiveCfg = Debug|Any CPU
		{C75D6DDC-635B-4D15-B8C6-849FF472AAB4}.Debug|Any CPU.Build.0 = Debug|Any CPU
		{C75D6DDC-635B-4D15-B8C6-849FF472AAB4}.Release|Any CPU.ActiveCfg = Release|Any CPU
		{C75D6DDC-635B-4D15-B8C6-849FF472AAB4}.Release|Any CPU.Build.0 = Release|Any CPU
		{4DE3591F-0258-49B9-962D-135D0E7BA1C2}.Debug|Any CPU.ActiveCfg = Debug|Any CPU
		{4DE3591F-0258-49B9-962D-135D0E7BA1C2}.Debug|Any CPU.Build.0 = Debug|Any CPU
		{4DE3591F-0258-49B9-962D-135D0E7BA1C2}.Release|Any CPU.ActiveCfg = Release|Any CPU
		{4DE3591F-0258-49B9-962D-135D0E7BA1C2}.Release|Any CPU.Build.0 = Release|Any CPU
	EndGlobalSection
	GlobalSection(SolutionProperties) = preSolution
		HideSolutionNode = FALSE
	EndGlobalSection
EndGlobal
